
Microsoft Visual Studio Solution File, Format Version 12.00
# Visual Studio Version 16
VisualStudioVersion = 16.0.31321.278
MinimumVisualStudioVersion = 10.0.40219.1
Project("{9A19103F-16F7-4668-BE54-9A1E7A4F7556}") = "StudentManagmen", "StudentManagmen.csproj", "{CA6C3A04-B24A-47B4-A48D-887419C0C78B}"
EndProject
Global
	GlobalSection(SolutionConfigurationPlatforms) = preSolution
		Debug|Any CPU = Debug|Any CPU
		Release|Any CPU = Release|Any CPU
	EndGlobalSection
	GlobalSection(ProjectConfigurationPlatforms) = postSolution
		{CA6C3A04-B24A-47B4-A48D-887419C0C78B}.Debug|Any CPU.ActiveCfg = Debug|Any CPU
		{CA6C3A04-B24A-47B4-A48D-887419C0C78B}.Debug|Any CPU.Build.0 = Debug|Any CPU
		{CA6C3A04-B24A-47B4-A48D-887419C0C78B}.Release|Any CPU.ActiveCfg = Release|Any CPU
		{CA6C3A04-B24A-47B4-A48D-887419C0C78B}.Release|Any CPU.Build.0 = Release|Any CPU
	EndGlobalSection
	GlobalSection(SolutionProperties) = preSolution
		HideSolutionNode = FALSE
	EndGlobalSection
	GlobalSection(ExtensibilityGlobals) = postSolution
		SolutionGuid = {15D892FD-5390-4624-98D3-DE9A4679CE85}
	EndGlobalSection
EndGlobal
